
Microsoft Visual Studio Solution File, Format Version 12.00
# Visual Studio 2013
VisualStudioVersion = 12.0.31101.0
MinimumVisualStudioVersion = 10.0.40219.1
Project("{8BC9CEB8-8B4A-11D0-8D11-00A0C91BC942}") = "SFML Console Test", "SFML Console Test\SFML Console Test.vcxproj", "{37F7CC75-7836-4567-AFFC-07A66669FEA0}"
EndProject
Project("{8BC9CEB8-8B4A-11D0-8D11-00A0C91BC942}") = "SFML Window Test", "SFML Window Test\SFML Window Test.vcxproj", "{9DBDADF3-50FC-44DA-BE64-93DDF5ABBFBA}"
EndProject
Global
	GlobalSection(SolutionConfigurationPlatforms) = preSolution
		Debug|Win32 = Debug|Win32
		Release|Win32 = Release|Win32
	EndGlobalSection
	GlobalSection(ProjectConfigurationPlatforms) = postSolution
		{37F7CC75-7836-4567-AFFC-07A66669FEA0}.Debug|Win32.ActiveCfg = Debug|Win32
		{37F7CC75-7836-4567-AFFC-07A66669FEA0}.Debug|Win32.Build.0 = Debug|Win32
		{37F7CC75-7836-4567-AFFC-07A66669FEA0}.Release|Win32.ActiveCfg = Release|Win32
		{37F7CC75-7836-4567-AFFC-07A66669FEA0}.Release|Win32.Build.0 = Release|Win32
		{9DBDADF3-50FC-44DA-BE64-93DDF5ABBFBA}.Debug|Win32.ActiveCfg = Debug|Win32
		{9DBDADF3-50FC-44DA-BE64-93DDF5ABBFBA}.Debug|Win32.Build.0 = Debug|Win32
		{9DBDADF3-50FC-44DA-BE64-93DDF5ABBFBA}.Release|Win32.ActiveCfg = Release|Win32
		{9DBDADF3-50FC-44DA-BE64-93DDF5ABBFBA}.Release|Win32.Build.0 = Release|Win32
	EndGlobalSection
	GlobalSection(SolutionProperties) = preSolution
		HideSolutionNode = FALSE
	EndGlobalSection
EndGlobal
